// !$*UTF8*$!
{
	archiveVersion = 1;
	classes = {
	};
	objectVersion = 46;
	objects = {

/* Begin PBXBuildFile section */
		816242D41CA0C5E600BEAC63 /* constants.m in Sources */ = {isa = PBXBuildFile; fileRef = 816242D31CA0C5E600BEAC63 /* constants.m */; };
		816242D71CA0CEDE00BEAC63 /* LastProceduresViewController.m in Sources */ = {isa = PBXBuildFile; fileRef = 816242D61CA0CEDE00BEAC63 /* LastProceduresViewController.m */; };
		816242DA1CA0CF1C00BEAC63 /* DatePickerViewController.m in Sources */ = {isa = PBXBuildFile; fileRef = 816242D91CA0CF1C00BEAC63 /* DatePickerViewController.m */; };
		816914491C8B601400498B72 /* PersonalInfoViewController.m in Sources */ = {isa = PBXBuildFile; fileRef = 816914481C8B601400498B72 /* PersonalInfoViewController.m */; };
		8169144C1C8B602100498B72 /* SettingsViewController.m in Sources */ = {isa = PBXBuildFile; fileRef = 8169144B1C8B602100498B72 /* SettingsViewController.m */; };
		816FB7CA1C8CCE1600AD40F2 /* MedHistoryViewController.m in Sources */ = {isa = PBXBuildFile; fileRef = 816FB7C91C8CCE1600AD40F2 /* MedHistoryViewController.m */; };
		816FB7CD1C8CE5F900AD40F2 /* FamilyHistoryViewController.m in Sources */ = {isa = PBXBuildFile; fileRef = 816FB7CC1C8CE5F900AD40F2 /* FamilyHistoryViewController.m */; };
		816FB7D01C8CF85D00AD40F2 /* checkedBox.png in Resources */ = {isa = PBXBuildFile; fileRef = 816FB7CE1C8CF85D00AD40F2 /* checkedBox.png */; };
		816FB7D11C8CF85D00AD40F2 /* emptyBox.png in Resources */ = {isa = PBXBuildFile; fileRef = 816FB7CF1C8CF85D00AD40F2 /* emptyBox.png */; };
		81736A111CC6E0750041DD24 /* cancer.png in Resources */ = {isa = PBXBuildFile; fileRef = 81736A051CC6E0750041DD24 /* cancer.png */; };
		81736A121CC6E0750041DD24 /* health.png in Resources */ = {isa = PBXBuildFile; fileRef = 81736A061CC6E0750041DD24 /* health.png */; };
		81736A131CC6E0750041DD24 /* heart.png in Resources */ = {isa = PBXBuildFile; fileRef = 81736A071CC6E0750041DD24 /* heart.png */; };
		81736A141CC6E0750041DD24 /* hpv.png in Resources */ = {isa = PBXBuildFile; fileRef = 81736A081CC6E0750041DD24 /* hpv.png */; };
		81736A151CC6E0750041DD24 /* ICONS.png in Resources */ = {isa = PBXBuildFile; fileRef = 81736A091CC6E0750041DD24 /* ICONS.png */; };
		81736A181CC6E0750041DD24 /* return.png in Resources */ = {isa = PBXBuildFile; fileRef = 81736A0C1CC6E0750041DD24 /* return.png */; };
		81736A191CC6E0750041DD24 /* save.png in Resources */ = {isa = PBXBuildFile; fileRef = 81736A0D1CC6E0750041DD24 /* save.png */; };
		81736A1B1CC6E0750041DD24 /* splash.png in Resources */ = {isa = PBXBuildFile; fileRef = 81736A0F1CC6E0750041DD24 /* splash.png */; };
		81736A201CC6E30A0041DD24 /* settings.png in Resources */ = {isa = PBXBuildFile; fileRef = 81736A1F1CC6E30A0041DD24 /* settings.png */; };
		81736A221CC6E3770041DD24 /* reports.png in Resources */ = {isa = PBXBuildFile; fileRef = 81736A211CC6E3770041DD24 /* reports.png */; };
		81736A251CC6E4180041DD24 /* information.png in Resources */ = {isa = PBXBuildFile; fileRef = 81736A231CC6E4180041DD24 /* information.png */; };
		81736A261CC6E4180041DD24 /* upcoming.png in Resources */ = {isa = PBXBuildFile; fileRef = 81736A241CC6E4180041DD24 /* upcoming.png */; };
		818A9A3C1C8B581600874CA1 /* UIKit.framework in Frameworks */ = {isa = PBXBuildFile; fileRef = 818A9A3B1C8B581600874CA1 /* UIKit.framework */; };
		818A9A3E1C8B581600874CA1 /* Foundation.framework in Frameworks */ = {isa = PBXBuildFile; fileRef = 818A9A3D1C8B581600874CA1 /* Foundation.framework */; };
		818A9A401C8B581600874CA1 /* CoreGraphics.framework in Frameworks */ = {isa = PBXBuildFile; fileRef = 818A9A3F1C8B581600874CA1 /* CoreGraphics.framework */; };
		818A9A461C8B581600874CA1 /* InfoPlist.strings in Resources */ = {isa = PBXBuildFile; fileRef = 818A9A441C8B581600874CA1 /* InfoPlist.strings */; };
		818A9A481C8B581600874CA1 /* main.m in Sources */ = {isa = PBXBuildFile; fileRef = 818A9A471C8B581600874CA1 /* main.m */; };
		818A9A4C1C8B581600874CA1 /* AppDelegate.m in Sources */ = {isa = PBXBuildFile; fileRef = 818A9A4B1C8B581600874CA1 /* AppDelegate.m */; };
		818A9A4E1C8B581600874CA1 /* Default.png in Resources */ = {isa = PBXBuildFile; fileRef = 818A9A4D1C8B581600874CA1 /* Default.png */; };
		818A9A501C8B581600874CA1 /* Default@2x.png in Resources */ = {isa = PBXBuildFile; fileRef = 818A9A4F1C8B581600874CA1 /* Default@2x.png */; };
		818A9A521C8B581600874CA1 /* Default-568h@2x.png in Resources */ = {isa = PBXBuildFile; fileRef = 818A9A511C8B581600874CA1 /* Default-568h@2x.png */; };
		818A9A551C8B581600874CA1 /* MainStoryboard_iPhone.storyboard in Resources */ = {isa = PBXBuildFile; fileRef = 818A9A531C8B581600874CA1 /* MainStoryboard_iPhone.storyboard */; };
		818A9A5B1C8B581600874CA1 /* UpcomingViewController.m in Sources */ = {isa = PBXBuildFile; fileRef = 818A9A5A1C8B581600874CA1 /* UpcomingViewController.m */; };
		818A9A621C8B581600874CA1 /* ReportViewController.m in Sources */ = {isa = PBXBuildFile; fileRef = 818A9A611C8B581600874CA1 /* ReportViewController.m */; };
		818B66891CB89B9300B058B4 /* ReportsViewController.m in Sources */ = {isa = PBXBuildFile; fileRef = 818B66881CB89B9300B058B4 /* ReportsViewController.m */; };
/* End PBXBuildFile section */

/* Begin PBXFileReference section */
		816242D21CA0C5E600BEAC63 /* constants.h */ = {isa = PBXFileReference; fileEncoding = 4; lastKnownFileType = sourcecode.c.h; path = constants.h; sourceTree = "<group>"; };
		816242D31CA0C5E600BEAC63 /* constants.m */ = {isa = PBXFileReference; fileEncoding = 4; lastKnownFileType = sourcecode.c.objc; path = constants.m; sourceTree = "<group>"; };
		816242D51CA0CEDE00BEAC63 /* LastProceduresViewController.h */ = {isa = PBXFileReference; fileEncoding = 4; lastKnownFileType = sourcecode.c.h; path = LastProceduresViewController.h; sourceTree = "<group>"; };
		816242D61CA0CEDE00BEAC63 /* LastProceduresViewController.m */ = {isa = PBXFileReference; fileEncoding = 4; lastKnownFileType = sourcecode.c.objc; path = LastProceduresViewController.m; sourceTree = "<group>"; };
		816242D81CA0CF1C00BEAC63 /* DatePickerViewController.h */ = {isa = PBXFileReference; fileEncoding = 4; lastKnownFileType = sourcecode.c.h; path = DatePickerViewController.h; sourceTree = "<group>"; };
		816242D91CA0CF1C00BEAC63 /* DatePickerViewController.m */ = {isa = PBXFileReference; fileEncoding = 4; lastKnownFileType = sourcecode.c.objc; path = DatePickerViewController.m; sourceTree = "<group>"; };
		816914471C8B601400498B72 /* PersonalInfoViewController.h */ = {isa = PBXFileReference; fileEncoding = 4; lastKnownFileType = sourcecode.c.h; path = PersonalInfoViewController.h; sourceTree = "<group>"; };
		816914481C8B601400498B72 /* PersonalInfoViewController.m */ = {isa = PBXFileReference; fileEncoding = 4; lastKnownFileType = sourcecode.c.objc; path = PersonalInfoViewController.m; sourceTree = "<group>"; };
		8169144A1C8B602100498B72 /* SettingsViewController.h */ = {isa = PBXFileReference; fileEncoding = 4; lastKnownFileType = sourcecode.c.h; path = SettingsViewController.h; sourceTree = "<group>"; };
		8169144B1C8B602100498B72 /* SettingsViewController.m */ = {isa = PBXFileReference; fileEncoding = 4; lastKnownFileType = sourcecode.c.objc; path = SettingsViewController.m; sourceTree = "<group>"; };
		816FB7C81C8CCE1600AD40F2 /* MedHistoryViewController.h */ = {isa = PBXFileReference; fileEncoding = 4; lastKnownFileType = sourcecode.c.h; path = MedHistoryViewController.h; sourceTree = "<group>"; };
		816FB7C91C8CCE1600AD40F2 /* MedHistoryViewController.m */ = {isa = PBXFileReference; fileEncoding = 4; lastKnownFileType = sourcecode.c.objc; path = MedHistoryViewController.m; sourceTree = "<group>"; };
		816FB7CB1C8CE5F900AD40F2 /* FamilyHistoryViewController.h */ = {isa = PBXFileReference; fileEncoding = 4; lastKnownFileType = sourcecode.c.h; path = FamilyHistoryViewController.h; sourceTree = "<group>"; };
		816FB7CC1C8CE5F900AD40F2 /* FamilyHistoryViewController.m */ = {isa = PBXFileReference; fileEncoding = 4; lastKnownFileType = sourcecode.c.objc; path = FamilyHistoryViewController.m; sourceTree = "<group>"; };
		816FB7CE1C8CF85D00AD40F2 /* checkedBox.png */ = {isa = PBXFileReference; lastKnownFileType = image.png; path = checkedBox.png; sourceTree = "<group>"; };
		816FB7CF1C8CF85D00AD40F2 /* emptyBox.png */ = {isa = PBXFileReference; lastKnownFileType = image.png; path = emptyBox.png; sourceTree = "<group>"; };
		81736A051CC6E0750041DD24 /* cancer.png */ = {isa = PBXFileReference; lastKnownFileType = image.png; path = cancer.png; sourceTree = "<group>"; };
		81736A061CC6E0750041DD24 /* health.png */ = {isa = PBXFileReference; lastKnownFileType = image.png; path = health.png; sourceTree = "<group>"; };
		81736A071CC6E0750041DD24 /* heart.png */ = {isa = PBXFileReference; lastKnownFileType = image.png; path = heart.png; sourceTree = "<group>"; };
		81736A081CC6E0750041DD24 /* hpv.png */ = {isa = PBXFileReference; lastKnownFileType = image.png; path = hpv.png; sourceTree = "<group>"; };
		81736A091CC6E0750041DD24 /* ICONS.png */ = {isa = PBXFileReference; lastKnownFileType = image.png; path = ICONS.png; sourceTree = "<group>"; };
		81736A0C1CC6E0750041DD24 /* return.png */ = {isa = PBXFileReference; lastKnownFileType = image.png; path = return.png; sourceTree = "<group>"; };
		81736A0D1CC6E0750041DD24 /* save.png */ = {isa = PBXFileReference; lastKnownFileType = image.png; path = save.png; sourceTree = "<group>"; };
		81736A0F1CC6E0750041DD24 /* splash.png */ = {isa = PBXFileReference; lastKnownFileType = image.png; path = splash.png; sourceTree = "<group>"; };
		81736A1F1CC6E30A0041DD24 /* settings.png */ = {isa = PBXFileReference; lastKnownFileType = image.png; path = settings.png; sourceTree = "<group>"; };
		81736A211CC6E3770041DD24 /* reports.png */ = {isa = PBXFileReference; lastKnownFileType = image.png; path = reports.png; sourceTree = "<group>"; };
		81736A231CC6E4180041DD24 /* information.png */ = {isa = PBXFileReference; lastKnownFileType = image.png; path = information.png; sourceTree = "<group>"; };
		81736A241CC6E4180041DD24 /* upcoming.png */ = {isa = PBXFileReference; lastKnownFileType = image.png; path = upcoming.png; sourceTree = "<group>"; };
		818A9A381C8B581600874CA1 /* WHAM.app */ = {isa = PBXFileReference; explicitFileType = wrapper.application; includeInIndex = 0; path = WHAM.app; sourceTree = BUILT_PRODUCTS_DIR; };
		818A9A3B1C8B581600874CA1 /* UIKit.framework */ = {isa = PBXFileReference; lastKnownFileType = wrapper.framework; name = UIKit.framework; path = System/Library/Frameworks/UIKit.framework; sourceTree = SDKROOT; };
		818A9A3D1C8B581600874CA1 /* Foundation.framework */ = {isa = PBXFileReference; lastKnownFileType = wrapper.framework; name = Foundation.framework; path = System/Library/Frameworks/Foundation.framework; sourceTree = SDKROOT; };
		818A9A3F1C8B581600874CA1 /* CoreGraphics.framework */ = {isa = PBXFileReference; lastKnownFileType = wrapper.framework; name = CoreGraphics.framework; path = System/Library/Frameworks/CoreGraphics.framework; sourceTree = SDKROOT; };
		818A9A431C8B581600874CA1 /* WHAM-Info.plist */ = {isa = PBXFileReference; lastKnownFileType = text.plist.xml; path = "WHAM-Info.plist"; sourceTree = "<group>"; };
		818A9A451C8B581600874CA1 /* en */ = {isa = PBXFileReference; lastKnownFileType = text.plist.strings; name = en; path = en.lproj/InfoPlist.strings; sourceTree = "<group>"; };
		818A9A471C8B581600874CA1 /* main.m */ = {isa = PBXFileReference; lastKnownFileType = sourcecode.c.objc; path = main.m; sourceTree = "<group>"; };
		818A9A491C8B581600874CA1 /* WHAM-Prefix.pch */ = {isa = PBXFileReference; lastKnownFileType = sourcecode.c.h; path = "WHAM-Prefix.pch"; sourceTree = "<group>"; };
		818A9A4A1C8B581600874CA1 /* AppDelegate.h */ = {isa = PBXFileReference; lastKnownFileType = sourcecode.c.h; path = AppDelegate.h; sourceTree = "<group>"; };
		818A9A4B1C8B581600874CA1 /* AppDelegate.m */ = {isa = PBXFileReference; lastKnownFileType = sourcecode.c.objc; path = AppDelegate.m; sourceTree = "<group>"; };
		818A9A4D1C8B581600874CA1 /* Default.png */ = {isa = PBXFileReference; lastKnownFileType = image.png; path = Default.png; sourceTree = "<group>"; };
		818A9A4F1C8B581600874CA1 /* Default@2x.png */ = {isa = PBXFileReference; lastKnownFileType = image.png; path = "Default@2x.png"; sourceTree = "<group>"; };
		818A9A511C8B581600874CA1 /* Default-568h@2x.png */ = {isa = PBXFileReference; lastKnownFileType = image.png; path = "Default-568h@2x.png"; sourceTree = "<group>"; };
		818A9A541C8B581600874CA1 /* en */ = {isa = PBXFileReference; lastKnownFileType = file.storyboard; name = en; path = en.lproj/MainStoryboard_iPhone.storyboard; sourceTree = "<group>"; };
		818A9A591C8B581600874CA1 /* UpcomingViewController.h */ = {isa = PBXFileReference; lastKnownFileType = sourcecode.c.h; path = UpcomingViewController.h; sourceTree = "<group>"; };
		818A9A5A1C8B581600874CA1 /* UpcomingViewController.m */ = {isa = PBXFileReference; lastKnownFileType = sourcecode.c.objc; path = UpcomingViewController.m; sourceTree = "<group>"; };
		818A9A601C8B581600874CA1 /* ReportViewController.h */ = {isa = PBXFileReference; lastKnownFileType = sourcecode.c.h; path = ReportViewController.h; sourceTree = "<group>"; };
		818A9A611C8B581600874CA1 /* ReportViewController.m */ = {isa = PBXFileReference; lastKnownFileType = sourcecode.c.objc; path = ReportViewController.m; sourceTree = "<group>"; };
		818B66871CB89B9300B058B4 /* ReportsViewController.h */ = {isa = PBXFileReference; fileEncoding = 4; lastKnownFileType = sourcecode.c.h; path = ReportsViewController.h; sourceTree = "<group>"; };
		818B66881CB89B9300B058B4 /* ReportsViewController.m */ = {isa = PBXFileReference; fileEncoding = 4; lastKnownFileType = sourcecode.c.objc; path = ReportsViewController.m; sourceTree = "<group>"; };
/* End PBXFileReference section */

/* Begin PBXFrameworksBuildPhase section */
		818A9A351C8B581600874CA1 /* Frameworks */ = {
			isa = PBXFrameworksBuildPhase;
			buildActionMask = 2147483647;
			files = (
				818A9A3C1C8B581600874CA1 /* UIKit.framework in Frameworks */,
				818A9A3E1C8B581600874CA1 /* Foundation.framework in Frameworks */,
				818A9A401C8B581600874CA1 /* CoreGraphics.framework in Frameworks */,
			);
			runOnlyForDeploymentPostprocessing = 0;
		};
/* End PBXFrameworksBuildPhase section */

/* Begin PBXGroup section */
		81736A041CC6E0410041DD24 /* imgs */ = {
			isa = PBXGroup;
			children = (
				81736A231CC6E4180041DD24 /* information.png */,
				81736A241CC6E4180041DD24 /* upcoming.png */,
				81736A211CC6E3770041DD24 /* reports.png */,
				81736A1F1CC6E30A0041DD24 /* settings.png */,
				81736A051CC6E0750041DD24 /* cancer.png */,
				81736A061CC6E0750041DD24 /* health.png */,
				81736A071CC6E0750041DD24 /* heart.png */,
				81736A081CC6E0750041DD24 /* hpv.png */,
				81736A091CC6E0750041DD24 /* ICONS.png */,
				81736A0C1CC6E0750041DD24 /* return.png */,
				81736A0D1CC6E0750041DD24 /* save.png */,
				81736A0F1CC6E0750041DD24 /* splash.png */,
				816FB7CF1C8CF85D00AD40F2 /* emptyBox.png */,
				816FB7CE1C8CF85D00AD40F2 /* checkedBox.png */,
			);
			name = imgs;
			sourceTree = "<group>";
		};
		818A9A2F1C8B581600874CA1 = {
			isa = PBXGroup;
			children = (
				818A9A411C8B581600874CA1 /* WHAM */,
				818A9A3A1C8B581600874CA1 /* Frameworks */,
				818A9A391C8B581600874CA1 /* Products */,
			);
			sourceTree = "<group>";
		};
		818A9A391C8B581600874CA1 /* Products */ = {
			isa = PBXGroup;
			children = (
				818A9A381C8B581600874CA1 /* WHAM.app */,
			);
			name = Products;
			sourceTree = "<group>";
		};
		818A9A3A1C8B581600874CA1 /* Frameworks */ = {
			isa = PBXGroup;
			children = (
				818A9A3B1C8B581600874CA1 /* UIKit.framework */,
				818A9A3D1C8B581600874CA1 /* Foundation.framework */,
				818A9A3F1C8B581600874CA1 /* CoreGraphics.framework */,
			);
			name = Frameworks;
			sourceTree = "<group>";
		};
		818A9A411C8B581600874CA1 /* WHAM */ = {
			isa = PBXGroup;
			children = (
				816242D21CA0C5E600BEAC63 /* constants.h */,
				816242D31CA0C5E600BEAC63 /* constants.m */,
				818A9A4A1C8B581600874CA1 /* AppDelegate.h */,
				818A9A4B1C8B581600874CA1 /* AppDelegate.m */,
				818A9A531C8B581600874CA1 /* MainStoryboard_iPhone.storyboard */,
				818B66871CB89B9300B058B4 /* ReportsViewController.h */,
				818B66881CB89B9300B058B4 /* ReportsViewController.m */,
				816242D81CA0CF1C00BEAC63 /* DatePickerViewController.h */,
				816242D91CA0CF1C00BEAC63 /* DatePickerViewController.m */,
				816242D51CA0CEDE00BEAC63 /* LastProceduresViewController.h */,
				816242D61CA0CEDE00BEAC63 /* LastProceduresViewController.m */,
				818A9A591C8B581600874CA1 /* UpcomingViewController.h */,
				818A9A5A1C8B581600874CA1 /* UpcomingViewController.m */,
				818A9A601C8B581600874CA1 /* ReportViewController.h */,
				818A9A611C8B581600874CA1 /* ReportViewController.m */,
				816914471C8B601400498B72 /* PersonalInfoViewController.h */,
				816914481C8B601400498B72 /* PersonalInfoViewController.m */,
				816FB7C81C8CCE1600AD40F2 /* MedHistoryViewController.h */,
				816FB7C91C8CCE1600AD40F2 /* MedHistoryViewController.m */,
				816FB7CB1C8CE5F900AD40F2 /* FamilyHistoryViewController.h */,
				816FB7CC1C8CE5F900AD40F2 /* FamilyHistoryViewController.m */,
				8169144A1C8B602100498B72 /* SettingsViewController.h */,
				8169144B1C8B602100498B72 /* SettingsViewController.m */,
				818A9A421C8B581600874CA1 /* Supporting Files */,
			);
			path = WHAM;
			sourceTree = "<group>";
		};
		818A9A421C8B581600874CA1 /* Supporting Files */ = {
			isa = PBXGroup;
			children = (
				81736A041CC6E0410041DD24 /* imgs */,
				818A9A431C8B581600874CA1 /* WHAM-Info.plist */,
				818A9A441C8B581600874CA1 /* InfoPlist.strings */,
				818A9A471C8B581600874CA1 /* main.m */,
				818A9A491C8B581600874CA1 /* WHAM-Prefix.pch */,
				818A9A4D1C8B581600874CA1 /* Default.png */,
				818A9A4F1C8B581600874CA1 /* Default@2x.png */,
				818A9A511C8B581600874CA1 /* Default-568h@2x.png */,
			);
			name = "Supporting Files";
			sourceTree = "<group>";
		};
/* End PBXGroup section */

/* Begin PBXNativeTarget section */
		818A9A371C8B581600874CA1 /* WHAM */ = {
			isa = PBXNativeTarget;
			buildConfigurationList = 818A9A691C8B581600874CA1 /* Build configuration list for PBXNativeTarget "WHAM" */;
			buildPhases = (
				818A9A341C8B581600874CA1 /* Sources */,
				818A9A351C8B581600874CA1 /* Frameworks */,
				818A9A361C8B581600874CA1 /* Resources */,
			);
			buildRules = (
			);
			dependencies = (
			);
			name = WHAM;
			productName = WHAM;
			productReference = 818A9A381C8B581600874CA1 /* WHAM.app */;
			productType = "com.apple.product-type.application";
		};
/* End PBXNativeTarget section */

/* Begin PBXProject section */
		818A9A301C8B581600874CA1 /* Project object */ = {
			isa = PBXProject;
			attributes = {
				LastUpgradeCheck = 0460;
				ORGANIZATIONNAME = UNR;
			};
			buildConfigurationList = 818A9A331C8B581600874CA1 /* Build configuration list for PBXProject "WHAM" */;
			compatibilityVersion = "Xcode 3.2";
			developmentRegion = English;
			hasScannedForEncodings = 0;
			knownRegions = (
				en,
			);
			mainGroup = 818A9A2F1C8B581600874CA1;
			productRefGroup = 818A9A391C8B581600874CA1 /* Products */;
			projectDirPath = "";
			projectRoot = "";
			targets = (
				818A9A371C8B581600874CA1 /* WHAM */,
			);
		};
/* End PBXProject section */

/* Begin PBXResourcesBuildPhase section */
		818A9A361C8B581600874CA1 /* Resources */ = {
			isa = PBXResourcesBuildPhase;
			buildActionMask = 2147483647;
			files = (
				818A9A461C8B581600874CA1 /* InfoPlist.strings in Resources */,
				818A9A4E1C8B581600874CA1 /* Default.png in Resources */,
				818A9A501C8B581600874CA1 /* Default@2x.png in Resources */,
				818A9A521C8B581600874CA1 /* Default-568h@2x.png in Resources */,
				818A9A551C8B581600874CA1 /* MainStoryboard_iPhone.storyboard in Resources */,
				816FB7D01C8CF85D00AD40F2 /* checkedBox.png in Resources */,
				816FB7D11C8CF85D00AD40F2 /* emptyBox.png in Resources */,
				81736A111CC6E0750041DD24 /* cancer.png in Resources */,
				81736A121CC6E0750041DD24 /* health.png in Resources */,
				81736A131CC6E0750041DD24 /* heart.png in Resources */,
				81736A141CC6E0750041DD24 /* hpv.png in Resources */,
				81736A151CC6E0750041DD24 /* ICONS.png in Resources */,
				81736A181CC6E0750041DD24 /* return.png in Resources */,
				81736A191CC6E0750041DD24 /* save.png in Resources */,
				81736A1B1CC6E0750041DD24 /* splash.png in Resources */,
				81736A201CC6E30A0041DD24 /* settings.png in Resources */,
				81736A221CC6E3770041DD24 /* reports.png in Resources */,
				81736A251CC6E4180041DD24 /* information.png in Resources */,
				81736A261CC6E4180041DD24 /* upcoming.png in Resources */,
			);
			runOnlyForDeploymentPostprocessing = 0;
		};
/* End PBXResourcesBuildPhase section */

/* Begin PBXSourcesBuildPhase section */
		818A9A341C8B581600874CA1 /* Sources */ = {
			isa = PBXSourcesBuildPhase;
			buildActionMask = 2147483647;
			files = (
				818A9A481C8B581600874CA1 /* main.m in Sources */,
				818A9A4C1C8B581600874CA1 /* AppDelegate.m in Sources */,
				818A9A5B1C8B581600874CA1 /* UpcomingViewController.m in Sources */,
				818A9A621C8B581600874CA1 /* ReportViewController.m in Sources */,
				816914491C8B601400498B72 /* PersonalInfoViewController.m in Sources */,
				8169144C1C8B602100498B72 /* SettingsViewController.m in Sources */,
				816FB7CA1C8CCE1600AD40F2 /* MedHistoryViewController.m in Sources */,
				816FB7CD1C8CE5F900AD40F2 /* FamilyHistoryViewController.m in Sources */,
				816242D41CA0C5E600BEAC63 /* constants.m in Sources */,
				816242D71CA0CEDE00BEAC63 /* LastProceduresViewController.m in Sources */,
				816242DA1CA0CF1C00BEAC63 /* DatePickerViewController.m in Sources */,
				818B66891CB89B9300B058B4 /* ReportsViewController.m in Sources */,
			);
			runOnlyForDeploymentPostprocessing = 0;
		};
/* End PBXSourcesBuildPhase section */

/* Begin PBXVariantGroup section */
		818A9A441C8B581600874CA1 /* InfoPlist.strings */ = {
			isa = PBXVariantGroup;
			children = (
				818A9A451C8B581600874CA1 /* en */,
			);
			name = InfoPlist.strings;
			sourceTree = "<group>";
		};
		818A9A531C8B581600874CA1 /* MainStoryboard_iPhone.storyboard */ = {
			isa = PBXVariantGroup;
			children = (
				818A9A541C8B581600874CA1 /* en */,
			);
			name = MainStoryboard_iPhone.storyboard;
			sourceTree = "<group>";
		};
/* End PBXVariantGroup section */

/* Begin XCBuildConfiguration section */
		818A9A671C8B581600874CA1 /* Debug */ = {
			isa = XCBuildConfiguration;
			buildSettings = {
				ALWAYS_SEARCH_USER_PATHS = NO;
				CLANG_CXX_LANGUAGE_STANDARD = "gnu++0x";
				CLANG_CXX_LIBRARY = "libc++";
				CLANG_ENABLE_OBJC_ARC = YES;
				CLANG_WARN_CONSTANT_CONVERSION = YES;
				CLANG_WARN_EMPTY_BODY = YES;
				CLANG_WARN_ENUM_CONVERSION = YES;
				CLANG_WARN_INT_CONVERSION = YES;
				CLANG_WARN__DUPLICATE_METHOD_MATCH = YES;
				"CODE_SIGN_IDENTITY[sdk=iphoneos*]" = "iPhone Developer";
				COPY_PHASE_STRIP = NO;
				GCC_C_LANGUAGE_STANDARD = gnu99;
				GCC_DYNAMIC_NO_PIC = NO;
				GCC_OPTIMIZATION_LEVEL = 0;
				GCC_PREPROCESSOR_DEFINITIONS = (
					"DEBUG=1",
					"$(inherited)",
				);
				GCC_SYMBOLS_PRIVATE_EXTERN = NO;
				GCC_WARN_ABOUT_RETURN_TYPE = YES;
				GCC_WARN_UNINITIALIZED_AUTOS = YES;
				GCC_WARN_UNUSED_VARIABLE = YES;
				IPHONEOS_DEPLOYMENT_TARGET = 6.1;
				ONLY_ACTIVE_ARCH = YES;
				SDKROOT = iphoneos;
				TARGETED_DEVICE_FAMILY = "1,2";
			};
			name = Debug;
		};
		818A9A681C8B581600874CA1 /* Release */ = {
			isa = XCBuildConfiguration;
			buildSettings = {
				ALWAYS_SEARCH_USER_PATHS = NO;
				CLANG_CXX_LANGUAGE_STANDARD = "gnu++0x";
				CLANG_CXX_LIBRARY = "libc++";
				CLANG_ENABLE_OBJC_ARC = YES;
				CLANG_WARN_CONSTANT_CONVERSION = YES;
				CLANG_WARN_EMPTY_BODY = YES;
				CLANG_WARN_ENUM_CONVERSION = YES;
				CLANG_WARN_INT_CONVERSION = YES;
				CLANG_WARN__DUPLICATE_METHOD_MATCH = YES;
				"CODE_SIGN_IDENTITY[sdk=iphoneos*]" = "iPhone Developer";
				COPY_PHASE_STRIP = YES;
				GCC_C_LANGUAGE_STANDARD = gnu99;
				GCC_WARN_ABOUT_RETURN_TYPE = YES;
				GCC_WARN_UNINITIALIZED_AUTOS = YES;
				GCC_WARN_UNUSED_VARIABLE = YES;
				IPHONEOS_DEPLOYMENT_TARGET = 6.1;
				OTHER_CFLAGS = "-DNS_BLOCK_ASSERTIONS=1";
				SDKROOT = iphoneos;
				TARGETED_DEVICE_FAMILY = "1,2";
				VALIDATE_PRODUCT = YES;
			};
			name = Release;
		};
		818A9A6A1C8B581600874CA1 /* Debug */ = {
			isa = XCBuildConfiguration;
			buildSettings = {
				GCC_PRECOMPILE_PREFIX_HEADER = YES;
				GCC_PREFIX_HEADER = "WHAM/WHAM-Prefix.pch";
				INFOPLIST_FILE = "WHAM/WHAM-Info.plist";
				PRODUCT_NAME = "$(TARGET_NAME)";
				WRAPPER_EXTENSION = app;
			};
			name = Debug;
		};
		818A9A6B1C8B581600874CA1 /* Release */ = {
			isa = XCBuildConfiguration;
			buildSettings = {
				GCC_PRECOMPILE_PREFIX_HEADER = YES;
				GCC_PREFIX_HEADER = "WHAM/WHAM-Prefix.pch";
				INFOPLIST_FILE = "WHAM/WHAM-Info.plist";
				PRODUCT_NAME = "$(TARGET_NAME)";
				WRAPPER_EXTENSION = app;
			};
			name = Release;
		};
/* End XCBuildConfiguration section */

/* Begin XCConfigurationList section */
		818A9A331C8B581600874CA1 /* Build configuration list for PBXProject "WHAM" */ = {
			isa = XCConfigurationList;
			buildConfigurations = (
				818A9A671C8B581600874CA1 /* Debug */,
				818A9A681C8B581600874CA1 /* Release */,
			);
			defaultConfigurationIsVisible = 0;
			defaultConfigurationName = Release;
		};
		818A9A691C8B581600874CA1 /* Build configuration list for PBXNativeTarget "WHAM" */ = {
			isa = XCConfigurationList;
			buildConfigurations = (
				818A9A6A1C8B581600874CA1 /* Debug */,
				818A9A6B1C8B581600874CA1 /* Release */,
			);
			defaultConfigurationIsVisible = 0;
			defaultConfigurationName = Release;
		};
/* End XCConfigurationList section */
	};
	rootObject = 818A9A301C8B581600874CA1 /* Project object */;
}
